// !$*UTF8*$!
{
	archiveVersion = 1;
	classes = {
	};
	objectVersion = 46;
	objects = {

/* Begin PBXBuildFile section */
		AD07FBBB1BF039D700776028 /* TMXMap.swift in Sources */ = {isa = PBXBuildFile; fileRef = AD07FBBA1BF039D700776028 /* TMXMap.swift */; settings = {ASSET_TAGS = (); }; };
		AD07FBBD1BF03A1600776028 /* TMXTileset.swift in Sources */ = {isa = PBXBuildFile; fileRef = AD07FBBC1BF03A1600776028 /* TMXTileset.swift */; settings = {ASSET_TAGS = (); }; };
		AD07FBBF1BF03A4400776028 /* TMXLayer.swift in Sources */ = {isa = PBXBuildFile; fileRef = AD07FBBE1BF03A4400776028 /* TMXLayer.swift */; settings = {ASSET_TAGS = (); }; };
		AD07FBC11BF03F2400776028 /* TMXData.swift in Sources */ = {isa = PBXBuildFile; fileRef = AD07FBC01BF03F2400776028 /* TMXData.swift */; settings = {ASSET_TAGS = (); }; };
		AD0941121BE09ECC00D9DAB9 /* AppDelegate.swift in Sources */ = {isa = PBXBuildFile; fileRef = AD0941111BE09ECC00D9DAB9 /* AppDelegate.swift */; };
		AD0941141BE09ECC00D9DAB9 /* GameScene.sks in Resources */ = {isa = PBXBuildFile; fileRef = AD0941131BE09ECC00D9DAB9 /* GameScene.sks */; };
		AD0941161BE09ECC00D9DAB9 /* GameScene.swift in Sources */ = {isa = PBXBuildFile; fileRef = AD0941151BE09ECC00D9DAB9 /* GameScene.swift */; };
		AD0941181BE09ECC00D9DAB9 /* GameViewController.swift in Sources */ = {isa = PBXBuildFile; fileRef = AD0941171BE09ECC00D9DAB9 /* GameViewController.swift */; };
		AD09411B1BE09ECC00D9DAB9 /* Main.storyboard in Resources */ = {isa = PBXBuildFile; fileRef = AD0941191BE09ECC00D9DAB9 /* Main.storyboard */; };
		AD09411D1BE09ECC00D9DAB9 /* Assets.xcassets in Resources */ = {isa = PBXBuildFile; fileRef = AD09411C1BE09ECC00D9DAB9 /* Assets.xcassets */; };
		AD0941201BE09ECC00D9DAB9 /* LaunchScreen.storyboard in Resources */ = {isa = PBXBuildFile; fileRef = AD09411E1BE09ECC00D9DAB9 /* LaunchScreen.storyboard */; };
		AD0941281BE09F6400D9DAB9 /* TMXReader.swift in Sources */ = {isa = PBXBuildFile; fileRef = AD0941271BE09F6400D9DAB9 /* TMXReader.swift */; settings = {ASSET_TAGS = (); }; };
		AD7CE94A1BF17B4F008B953E /* TMXTerrain.swift in Sources */ = {isa = PBXBuildFile; fileRef = AD7CE9491BF17B4F008B953E /* TMXTerrain.swift */; settings = {ASSET_TAGS = (); }; };
		AD7CE94C1BF17C9E008B953E /* TMXTile.swift in Sources */ = {isa = PBXBuildFile; fileRef = AD7CE94B1BF17C9E008B953E /* TMXTile.swift */; settings = {ASSET_TAGS = (); }; };
		AD7CE9501BF189D0008B953E /* map.tmx in Resources */ = {isa = PBXBuildFile; fileRef = AD7CE94F1BF189D0008B953E /* map.tmx */; settings = {ASSET_TAGS = (); }; };
		AD7CE9521BF19B05008B953E /* Stack.swift in Sources */ = {isa = PBXBuildFile; fileRef = AD7CE9511BF19B05008B953E /* Stack.swift */; settings = {ASSET_TAGS = (); }; };
		AD7CE9541BF1ACF1008B953E /* untitled.tmx in Resources */ = {isa = PBXBuildFile; fileRef = AD7CE9531BF1ACF1008B953E /* untitled.tmx */; settings = {ASSET_TAGS = (); }; };
		AD7CE9561BF1C56A008B953E /* TSXReader.swift in Sources */ = {isa = PBXBuildFile; fileRef = AD7CE9551BF1C56A008B953E /* TSXReader.swift */; settings = {ASSET_TAGS = (); }; };
		AD7CE9581BF1D739008B953E /* Spritesheet.swift in Sources */ = {isa = PBXBuildFile; fileRef = AD7CE9571BF1D739008B953E /* Spritesheet.swift */; settings = {ASSET_TAGS = (); }; };
		AD7CE95A1BF1DB3F008B953E /* MapRenderer.swift in Sources */ = {isa = PBXBuildFile; fileRef = AD7CE9591BF1DB3F008B953E /* MapRenderer.swift */; settings = {ASSET_TAGS = (); }; };
/* End PBXBuildFile section */

/* Begin PBXFileReference section */
		AD07FBBA1BF039D700776028 /* TMXMap.swift */ = {isa = PBXFileReference; fileEncoding = 4; lastKnownFileType = sourcecode.swift; path = TMXMap.swift; sourceTree = "<group>"; };
		AD07FBBC1BF03A1600776028 /* TMXTileset.swift */ = {isa = PBXFileReference; fileEncoding = 4; lastKnownFileType = sourcecode.swift; path = TMXTileset.swift; sourceTree = "<group>"; };
		AD07FBBE1BF03A4400776028 /* TMXLayer.swift */ = {isa = PBXFileReference; fileEncoding = 4; lastKnownFileType = sourcecode.swift; path = TMXLayer.swift; sourceTree = "<group>"; };
		AD07FBC01BF03F2400776028 /* TMXData.swift */ = {isa = PBXFileReference; fileEncoding = 4; lastKnownFileType = sourcecode.swift; path = TMXData.swift; sourceTree = "<group>"; };
		AD09410E1BE09ECC00D9DAB9 /* SwifTile.app */ = {isa = PBXFileReference; explicitFileType = wrapper.application; includeInIndex = 0; path = SwifTile.app; sourceTree = BUILT_PRODUCTS_DIR; };
		AD0941111BE09ECC00D9DAB9 /* AppDelegate.swift */ = {isa = PBXFileReference; lastKnownFileType = sourcecode.swift; path = AppDelegate.swift; sourceTree = "<group>"; };
		AD0941131BE09ECC00D9DAB9 /* GameScene.sks */ = {isa = PBXFileReference; lastKnownFileType = file.sks; path = GameScene.sks; sourceTree = "<group>"; };
		AD0941151BE09ECC00D9DAB9 /* GameScene.swift */ = {isa = PBXFileReference; lastKnownFileType = sourcecode.swift; path = GameScene.swift; sourceTree = "<group>"; };
		AD0941171BE09ECC00D9DAB9 /* GameViewController.swift */ = {isa = PBXFileReference; lastKnownFileType = sourcecode.swift; path = GameViewController.swift; sourceTree = "<group>"; };
		AD09411A1BE09ECC00D9DAB9 /* Base */ = {isa = PBXFileReference; lastKnownFileType = file.storyboard; name = Base; path = Base.lproj/Main.storyboard; sourceTree = "<group>"; };
		AD09411C1BE09ECC00D9DAB9 /* Assets.xcassets */ = {isa = PBXFileReference; lastKnownFileType = folder.assetcatalog; path = Assets.xcassets; sourceTree = "<group>"; };
		AD09411F1BE09ECC00D9DAB9 /* Base */ = {isa = PBXFileReference; lastKnownFileType = file.storyboard; name = Base; path = Base.lproj/LaunchScreen.storyboard; sourceTree = "<group>"; };
		AD0941211BE09ECC00D9DAB9 /* Info.plist */ = {isa = PBXFileReference; lastKnownFileType = text.plist.xml; path = Info.plist; sourceTree = "<group>"; };
		AD0941271BE09F6400D9DAB9 /* TMXReader.swift */ = {isa = PBXFileReference; fileEncoding = 4; lastKnownFileType = sourcecode.swift; path = TMXReader.swift; sourceTree = "<group>"; };
		AD7CE9491BF17B4F008B953E /* TMXTerrain.swift */ = {isa = PBXFileReference; fileEncoding = 4; lastKnownFileType = sourcecode.swift; path = TMXTerrain.swift; sourceTree = "<group>"; };
		AD7CE94B1BF17C9E008B953E /* TMXTile.swift */ = {isa = PBXFileReference; fileEncoding = 4; lastKnownFileType = sourcecode.swift; path = TMXTile.swift; sourceTree = "<group>"; };
		AD7CE94F1BF189D0008B953E /* map.tmx */ = {isa = PBXFileReference; fileEncoding = 4; lastKnownFileType = text.xml; path = map.tmx; sourceTree = "<group>"; };
		AD7CE9511BF19B05008B953E /* Stack.swift */ = {isa = PBXFileReference; fileEncoding = 4; lastKnownFileType = sourcecode.swift; path = Stack.swift; sourceTree = "<group>"; };
		AD7CE9531BF1ACF1008B953E /* untitled.tmx */ = {isa = PBXFileReference; fileEncoding = 4; lastKnownFileType = text.xml; path = untitled.tmx; sourceTree = "<group>"; };
		AD7CE9551BF1C56A008B953E /* TSXReader.swift */ = {isa = PBXFileReference; fileEncoding = 4; lastKnownFileType = sourcecode.swift; path = TSXReader.swift; sourceTree = "<group>"; };
		AD7CE9571BF1D739008B953E /* Spritesheet.swift */ = {isa = PBXFileReference; fileEncoding = 4; lastKnownFileType = sourcecode.swift; path = Spritesheet.swift; sourceTree = "<group>"; };
		AD7CE9591BF1DB3F008B953E /* MapRenderer.swift */ = {isa = PBXFileReference; fileEncoding = 4; lastKnownFileType = sourcecode.swift; path = MapRenderer.swift; sourceTree = "<group>"; };
/* End PBXFileReference section */

/* Begin PBXFrameworksBuildPhase section */
		AD09410B1BE09ECC00D9DAB9 /* Frameworks */ = {
			isa = PBXFrameworksBuildPhase;
			buildActionMask = 2147483647;
			files = (
			);
			runOnlyForDeploymentPostprocessing = 0;
		};
/* End PBXFrameworksBuildPhase section */

/* Begin PBXGroup section */
		AD0941051BE09ECC00D9DAB9 = {
			isa = PBXGroup;
			children = (
				AD0941101BE09ECC00D9DAB9 /* SwifTile */,
				AD09410F1BE09ECC00D9DAB9 /* Products */,
			);
			sourceTree = "<group>";
		};
		AD09410F1BE09ECC00D9DAB9 /* Products */ = {
			isa = PBXGroup;
			children = (
				AD09410E1BE09ECC00D9DAB9 /* SwifTile.app */,
			);
			name = Products;
			sourceTree = "<group>";
		};
		AD0941101BE09ECC00D9DAB9 /* SwifTile */ = {
			isa = PBXGroup;
			children = (
				AD7CE9531BF1ACF1008B953E /* untitled.tmx */,
				AD7CE94F1BF189D0008B953E /* map.tmx */,
				AD0941111BE09ECC00D9DAB9 /* AppDelegate.swift */,
				AD0941131BE09ECC00D9DAB9 /* GameScene.sks */,
				AD0941151BE09ECC00D9DAB9 /* GameScene.swift */,
				AD0941171BE09ECC00D9DAB9 /* GameViewController.swift */,
				AD0941191BE09ECC00D9DAB9 /* Main.storyboard */,
				AD09411C1BE09ECC00D9DAB9 /* Assets.xcassets */,
				AD09411E1BE09ECC00D9DAB9 /* LaunchScreen.storyboard */,
				AD0941211BE09ECC00D9DAB9 /* Info.plist */,
				AD0941271BE09F6400D9DAB9 /* TMXReader.swift */,
				AD07FBBA1BF039D700776028 /* TMXMap.swift */,
				AD07FBBC1BF03A1600776028 /* TMXTileset.swift */,
				AD07FBBE1BF03A4400776028 /* TMXLayer.swift */,
				AD07FBC01BF03F2400776028 /* TMXData.swift */,
				AD7CE9491BF17B4F008B953E /* TMXTerrain.swift */,
				AD7CE94B1BF17C9E008B953E /* TMXTile.swift */,
				AD7CE9511BF19B05008B953E /* Stack.swift */,
				AD7CE9551BF1C56A008B953E /* TSXReader.swift */,
				AD7CE9571BF1D739008B953E /* Spritesheet.swift */,
				AD7CE9591BF1DB3F008B953E /* MapRenderer.swift */,
			);
			path = SwifTile;
			sourceTree = "<group>";
		};
/* End PBXGroup section */

/* Begin PBXNativeTarget section */
		AD09410D1BE09ECC00D9DAB9 /* SwifTile */ = {
			isa = PBXNativeTarget;
			buildConfigurationList = AD0941241BE09ECC00D9DAB9 /* Build configuration list for PBXNativeTarget "SwifTile" */;
			buildPhases = (
				AD09410A1BE09ECC00D9DAB9 /* Sources */,
				AD09410B1BE09ECC00D9DAB9 /* Frameworks */,
				AD09410C1BE09ECC00D9DAB9 /* Resources */,
			);
			buildRules = (
			);
			dependencies = (
			);
			name = SwifTile;
			productName = SwifTile;
			productReference = AD09410E1BE09ECC00D9DAB9 /* SwifTile.app */;
			productType = "com.apple.product-type.application";
		};
/* End PBXNativeTarget section */

/* Begin PBXProject section */
		AD0941061BE09ECC00D9DAB9 /* Project object */ = {
			isa = PBXProject;
			attributes = {
				LastUpgradeCheck = 0700;
				ORGANIZATIONNAME = ian;
				TargetAttributes = {
					AD09410D1BE09ECC00D9DAB9 = {
						CreatedOnToolsVersion = 7.0.1;
						DevelopmentTeam = WBWC7QZAKP;
					};
				};
			};
			buildConfigurationList = AD0941091BE09ECC00D9DAB9 /* Build configuration list for PBXProject "SwifTile" */;
			compatibilityVersion = "Xcode 3.2";
			developmentRegion = English;
			hasScannedForEncodings = 0;
			knownRegions = (
				en,
				Base,
			);
			mainGroup = AD0941051BE09ECC00D9DAB9;
			productRefGroup = AD09410F1BE09ECC00D9DAB9 /* Products */;
			projectDirPath = "";
			projectRoot = "";
			targets = (
				AD09410D1BE09ECC00D9DAB9 /* SwifTile */,
			);
		};
/* End PBXProject section */

/* Begin PBXResourcesBuildPhase section */
		AD09410C1BE09ECC00D9DAB9 /* Resources */ = {
			isa = PBXResourcesBuildPhase;
			buildActionMask = 2147483647;
			files = (
				AD0941141BE09ECC00D9DAB9 /* GameScene.sks in Resources */,
				AD0941201BE09ECC00D9DAB9 /* LaunchScreen.storyboard in Resources */,
				AD7CE9541BF1ACF1008B953E /* untitled.tmx in Resources */,
				AD09411D1BE09ECC00D9DAB9 /* Assets.xcassets in Resources */,
				AD7CE9501BF189D0008B953E /* map.tmx in Resources */,
				AD09411B1BE09ECC00D9DAB9 /* Main.storyboard in Resources */,
			);
			runOnlyForDeploymentPostprocessing = 0;
		};
/* End PBXResourcesBuildPhase section */

/* Begin PBXSourcesBuildPhase section */
		AD09410A1BE09ECC00D9DAB9 /* Sources */ = {
			isa = PBXSourcesBuildPhase;
			buildActionMask = 2147483647;
			files = (
				AD7CE94A1BF17B4F008B953E /* TMXTerrain.swift in Sources */,
				AD7CE94C1BF17C9E008B953E /* TMXTile.swift in Sources */,
				AD0941161BE09ECC00D9DAB9 /* GameScene.swift in Sources */,
				AD07FBBB1BF039D700776028 /* TMXMap.swift in Sources */,
				AD7CE9581BF1D739008B953E /* Spritesheet.swift in Sources */,
				AD07FBBF1BF03A4400776028 /* TMXLayer.swift in Sources */,
				AD7CE9521BF19B05008B953E /* Stack.swift in Sources */,
				AD7CE95A1BF1DB3F008B953E /* MapRenderer.swift in Sources */,
				AD07FBC11BF03F2400776028 /* TMXData.swift in Sources */,
				AD07FBBD1BF03A1600776028 /* TMXTileset.swift in Sources */,
				AD7CE9561BF1C56A008B953E /* TSXReader.swift in Sources */,
				AD0941181BE09ECC00D9DAB9 /* GameViewController.swift in Sources */,
				AD0941281BE09F6400D9DAB9 /* TMXReader.swift in Sources */,
				AD0941121BE09ECC00D9DAB9 /* AppDelegate.swift in Sources */,
			);
			runOnlyForDeploymentPostprocessing = 0;
		};
/* End PBXSourcesBuildPhase section */

/* Begin PBXVariantGroup section */
		AD0941191BE09ECC00D9DAB9 /* Main.storyboard */ = {
			isa = PBXVariantGroup;
			children = (
				AD09411A1BE09ECC00D9DAB9 /* Base */,
			);
			name = Main.storyboard;
			sourceTree = "<group>";
		};
		AD09411E1BE09ECC00D9DAB9 /* LaunchScreen.storyboard */ = {
			isa = PBXVariantGroup;
			children = (
				AD09411F1BE09ECC00D9DAB9 /* Base */,
			);
			name = LaunchScreen.storyboard;
			sourceTree = "<group>";
		};
/* End PBXVariantGroup section */

/* Begin XCBuildConfiguration section */
		AD0941221BE09ECC00D9DAB9 /* Debug */ = {
			isa = XCBuildConfiguration;
			buildSettings = {
				ALWAYS_SEARCH_USER_PATHS = NO;
				CLANG_CXX_LANGUAGE_STANDARD = "gnu++0x";
				CLANG_CXX_LIBRARY = "libc++";
				CLANG_ENABLE_MODULES = YES;
				CLANG_ENABLE_OBJC_ARC = YES;
				CLANG_WARN_BOOL_CONVERSION = YES;
				CLANG_WARN_CONSTANT_CONVERSION = YES;
				CLANG_WARN_DIRECT_OBJC_ISA_USAGE = YES_ERROR;
				CLANG_WARN_EMPTY_BODY = YES;
				CLANG_WARN_ENUM_CONVERSION = YES;
				CLANG_WARN_INT_CONVERSION = YES;
				CLANG_WARN_OBJC_ROOT_CLASS = YES_ERROR;
				CLANG_WARN_UNREACHABLE_CODE = YES;
				CLANG_WARN__DUPLICATE_METHOD_MATCH = YES;
				"CODE_SIGN_IDENTITY[sdk=iphoneos*]" = "iPhone Developer";
				COPY_PHASE_STRIP = NO;
				DEBUG_INFORMATION_FORMAT = "dwarf-with-dsym";
				ENABLE_STRICT_OBJC_MSGSEND = YES;
				ENABLE_TESTABILITY = YES;
				GCC_C_LANGUAGE_STANDARD = gnu99;
				GCC_DYNAMIC_NO_PIC = NO;
				GCC_NO_COMMON_BLOCKS = YES;
				GCC_OPTIMIZATION_LEVEL = 0;
				GCC_PREPROCESSOR_DEFINITIONS = (
					"DEBUG=1",
					"$(inherited)",
				);
				GCC_WARN_64_TO_32_BIT_CONVERSION = YES;
				GCC_WARN_ABOUT_RETURN_TYPE = YES_ERROR;
				GCC_WARN_UNDECLARED_SELECTOR = YES;
				GCC_WARN_UNINITIALIZED_AUTOS = YES_AGGRESSIVE;
				GCC_WARN_UNUSED_FUNCTION = YES;
				GCC_WARN_UNUSED_VARIABLE = YES;
				IPHONEOS_DEPLOYMENT_TARGET = 9.0;
				MTL_ENABLE_DEBUG_INFO = YES;
				ONLY_ACTIVE_ARCH = YES;
				SDKROOT = iphoneos;
				SWIFT_OPTIMIZATION_LEVEL = "-Onone";
				TARGETED_DEVICE_FAMILY = "1,2";
			};
			name = Debug;
		};
		AD0941231BE09ECC00D9DAB9 /* Release */ = {
			isa = XCBuildConfiguration;
			buildSettings = {
				ALWAYS_SEARCH_USER_PATHS = NO;
				CLANG_CXX_LANGUAGE_STANDARD = "gnu++0x";
				CLANG_CXX_LIBRARY = "libc++";
				CLANG_ENABLE_MODULES = YES;
				CLANG_ENABLE_OBJC_ARC = YES;
				CLANG_WARN_BOOL_CONVERSION = YES;
				CLANG_WARN_CONSTANT_CONVERSION = YES;
				CLANG_WARN_DIRECT_OBJC_ISA_USAGE = YES_ERROR;
				CLANG_WARN_EMPTY_BODY = YES;
				CLANG_WARN_ENUM_CONVERSION = YES;
				CLANG_WARN_INT_CONVERSION = YES;
				CLANG_WARN_OBJC_ROOT_CLASS = YES_ERROR;
				CLANG_WARN_UNREACHABLE_CODE = YES;
				CLANG_WARN__DUPLICATE_METHOD_MATCH = YES;
				"CODE_SIGN_IDENTITY[sdk=iphoneos*]" = "iPhone Developer";
				COPY_PHASE_STRIP = NO;
				DEBUG_INFORMATION_FORMAT = "dwarf-with-dsym";
				ENABLE_NS_ASSERTIONS = NO;
				ENABLE_STRICT_OBJC_MSGSEND = YES;
				GCC_C_LANGUAGE_STANDARD = gnu99;
				GCC_NO_COMMON_BLOCKS = YES;
				GCC_WARN_64_TO_32_BIT_CONVERSION = YES;
				GCC_WARN_ABOUT_RETURN_TYPE = YES_ERROR;
				GCC_WARN_UNDECLARED_SELECTOR = YES;
				GCC_WARN_UNINITIALIZED_AUTOS = YES_AGGRESSIVE;
				GCC_WARN_UNUSED_FUNCTION = YES;
				GCC_WARN_UNUSED_VARIABLE = YES;
				IPHONEOS_DEPLOYMENT_TARGET = 9.0;
				MTL_ENABLE_DEBUG_INFO = NO;
				SDKROOT = iphoneos;
				TARGETED_DEVICE_FAMILY = "1,2";
				VALIDATE_PRODUCT = YES;
			};
			name = Release;
		};
		AD0941251BE09ECC00D9DAB9 /* Debug */ = {
			isa = XCBuildConfiguration;
			buildSettings = {
				ASSETCATALOG_COMPILER_APPICON_NAME = AppIcon;
				INFOPLIST_FILE = SwifTile/Info.plist;
				LD_RUNPATH_SEARCH_PATHS = "$(inherited) @executable_path/Frameworks";
				PRODUCT_BUNDLE_IDENTIFIER = com.ian.SwifTile;
				PRODUCT_NAME = "$(TARGET_NAME)";
			};
			name = Debug;
		};
		AD0941261BE09ECC00D9DAB9 /* Release */ = {
			isa = XCBuildConfiguration;
			buildSettings = {
				ASSETCATALOG_COMPILER_APPICON_NAME = AppIcon;
				INFOPLIST_FILE = SwifTile/Info.plist;
				LD_RUNPATH_SEARCH_PATHS = "$(inherited) @executable_path/Frameworks";
				PRODUCT_BUNDLE_IDENTIFIER = com.ian.SwifTile;
				PRODUCT_NAME = "$(TARGET_NAME)";
			};
			name = Release;
		};
/* End XCBuildConfiguration section */

/* Begin XCConfigurationList section */
		AD0941091BE09ECC00D9DAB9 /* Build configuration list for PBXProject "SwifTile" */ = {
			isa = XCConfigurationList;
			buildConfigurations = (
				AD0941221BE09ECC00D9DAB9 /* Debug */,
				AD0941231BE09ECC00D9DAB9 /* Release */,
			);
			defaultConfigurationIsVisible = 0;
			defaultConfigurationName = Release;
		};
		AD0941241BE09ECC00D9DAB9 /* Build configuration list for PBXNativeTarget "SwifTile" */ = {
			isa = XCConfigurationList;
			buildConfigurations = (
				AD0941251BE09ECC00D9DAB9 /* Debug */,
				AD0941261BE09ECC00D9DAB9 /* Release */,
			);
			defaultConfigurationIsVisible = 0;
			defaultConfigurationName = Release;
		};
/* End XCConfigurationList section */
	};
	rootObject = AD0941061BE09ECC00D9DAB9 /* Project object */;
}
